
Microsoft Visual Studio Solution File, Format Version 12.00
# Visual Studio Version 16
VisualStudioVersion = 25.0.1706.14
MinimumVisualStudioVersion = 10.0.40219.1
Project("{FAE04EC0-301F-11D3-BF4B-00C04F79EFBC}") = "resCommand", "resCommand\resCommand.csproj", "{AA2C08B9-D8AC-4888-94FB-C4AF0ACD1A7B}"
EndProject
Global
	GlobalSection(SolutionConfigurationPlatforms) = preSolution
		Debug|Any CPU = Debug|Any CPU
		Release|Any CPU = Release|Any CPU
	EndGlobalSection
	GlobalSection(ProjectConfigurationPlatforms) = postSolution
		{AA2C08B9-D8AC-4888-94FB-C4AF0ACD1A7B}.Debug|Any CPU.ActiveCfg = Debug|Any CPU
		{AA2C08B9-D8AC-4888-94FB-C4AF0ACD1A7B}.Debug|Any CPU.Build.0 = Debug|Any CPU
		{AA2C08B9-D8AC-4888-94FB-C4AF0ACD1A7B}.Release|Any CPU.ActiveCfg = Release|Any CPU
		{AA2C08B9-D8AC-4888-94FB-C4AF0ACD1A7B}.Release|Any CPU.Build.0 = Release|Any CPU
	EndGlobalSection
	GlobalSection(SolutionProperties) = preSolution
		HideSolutionNode = FALSE
	EndGlobalSection
	GlobalSection(ExtensibilityGlobals) = postSolution
		SolutionGuid = {0E65E049-5F78-4885-AA3A-471B3F569514}
	EndGlobalSection
EndGlobal
