
Microsoft Visual Studio Solution File, Format Version 12.00
# Visual Studio Version 17
VisualStudioVersion = 17.10.35027.167
MinimumVisualStudioVersion = 10.0.40219.1
Project("{FAE04EC0-301F-11D3-BF4B-00C04F79EFBC}") = "CustomTowerTp", "CustomTowerTp\CustomTowerTp.csproj", "{BC7AC189-5B1B-476C-B96F-9DAAA2066082}"
EndProject
Global
	GlobalSection(SolutionConfigurationPlatforms) = preSolution
		Debug|Any CPU = Debug|Any CPU
		Release|Any CPU = Release|Any CPU
	EndGlobalSection
	GlobalSection(ProjectConfigurationPlatforms) = postSolution
		{BC7AC189-5B1B-476C-B96F-9DAAA2066082}.Debug|Any CPU.ActiveCfg = Debug|Any CPU
		{BC7AC189-5B1B-476C-B96F-9DAAA2066082}.Debug|Any CPU.Build.0 = Debug|Any CPU
		{BC7AC189-5B1B-476C-B96F-9DAAA2066082}.Release|Any CPU.ActiveCfg = Release|Any CPU
		{BC7AC189-5B1B-476C-B96F-9DAAA2066082}.Release|Any CPU.Build.0 = Release|Any CPU
	EndGlobalSection
	GlobalSection(SolutionProperties) = preSolution
		HideSolutionNode = FALSE
	EndGlobalSection
	GlobalSection(ExtensibilityGlobals) = postSolution
		SolutionGuid = {FAEA6E36-CEF6-40C6-A2AF-ED0AE7700E61}
	EndGlobalSection
EndGlobal
