
Microsoft Visual Studio Solution File, Format Version 12.00
# Visual Studio Version 17
VisualStudioVersion = 17.10.35027.167
MinimumVisualStudioVersion = 10.0.40219.1
Project("{FAE04EC0-301F-11D3-BF4B-00C04F79EFBC}") = "DBlockDoorBlock", "DBlockDoorBlock\DBlockDoorBlock.csproj", "{BA0B658D-BEEF-4214-9F50-79158F4AFF79}"
EndProject
Global
	GlobalSection(SolutionConfigurationPlatforms) = preSolution
		Debug|Any CPU = Debug|Any CPU
		Release|Any CPU = Release|Any CPU
	EndGlobalSection
	GlobalSection(ProjectConfigurationPlatforms) = postSolution
		{BA0B658D-BEEF-4214-9F50-79158F4AFF79}.Debug|Any CPU.ActiveCfg = Debug|Any CPU
		{BA0B658D-BEEF-4214-9F50-79158F4AFF79}.Debug|Any CPU.Build.0 = Debug|Any CPU
		{BA0B658D-BEEF-4214-9F50-79158F4AFF79}.Release|Any CPU.ActiveCfg = Release|Any CPU
		{BA0B658D-BEEF-4214-9F50-79158F4AFF79}.Release|Any CPU.Build.0 = Release|Any CPU
	EndGlobalSection
	GlobalSection(SolutionProperties) = preSolution
		HideSolutionNode = FALSE
	EndGlobalSection
	GlobalSection(ExtensibilityGlobals) = postSolution
		SolutionGuid = {AAAC797F-31FD-49E4-AD04-A52A320013C6}
	EndGlobalSection
EndGlobal
