
Microsoft Visual Studio Solution File, Format Version 12.00
# Visual Studio Version 17
VisualStudioVersion = 17.10.35027.167
MinimumVisualStudioVersion = 10.0.40219.1
Project("{FAE04EC0-301F-11D3-BF4B-00C04F79EFBC}") = "killCommand", "killCommand\killCommand.csproj", "{B317082E-EE98-43D5-88AC-5BAC40937DD8}"
EndProject
Global
	GlobalSection(SolutionConfigurationPlatforms) = preSolution
		Debug|Any CPU = Debug|Any CPU
		Release|Any CPU = Release|Any CPU
	EndGlobalSection
	GlobalSection(ProjectConfigurationPlatforms) = postSolution
		{B317082E-EE98-43D5-88AC-5BAC40937DD8}.Debug|Any CPU.ActiveCfg = Debug|Any CPU
		{B317082E-EE98-43D5-88AC-5BAC40937DD8}.Debug|Any CPU.Build.0 = Debug|Any CPU
		{B317082E-EE98-43D5-88AC-5BAC40937DD8}.Release|Any CPU.ActiveCfg = Release|Any CPU
		{B317082E-EE98-43D5-88AC-5BAC40937DD8}.Release|Any CPU.Build.0 = Release|Any CPU
	EndGlobalSection
	GlobalSection(SolutionProperties) = preSolution
		HideSolutionNode = FALSE
	EndGlobalSection
	GlobalSection(ExtensibilityGlobals) = postSolution
		SolutionGuid = {CB900AA2-6255-487C-9B5B-8B38FA98F75A}
	EndGlobalSection
EndGlobal
