
Microsoft Visual Studio Solution File, Format Version 12.00
# Visual Studio Version 17
VisualStudioVersion = 17.10.35027.167
MinimumVisualStudioVersion = 10.0.40219.1
Project("{FAE04EC0-301F-11D3-BF4B-00C04F79EFBC}") = "Containment106", "ClassLibrary2\Containment106.csproj", "{749A01B8-9F9A-4746-88D5-4802B674962C}"
EndProject
Global
	GlobalSection(SolutionConfigurationPlatforms) = preSolution
		Debug|Any CPU = Debug|Any CPU
		Release|Any CPU = Release|Any CPU
	EndGlobalSection
	GlobalSection(ProjectConfigurationPlatforms) = postSolution
		{749A01B8-9F9A-4746-88D5-4802B674962C}.Debug|Any CPU.ActiveCfg = Debug|Any CPU
		{749A01B8-9F9A-4746-88D5-4802B674962C}.Debug|Any CPU.Build.0 = Debug|Any CPU
		{749A01B8-9F9A-4746-88D5-4802B674962C}.Release|Any CPU.ActiveCfg = Release|Any CPU
		{749A01B8-9F9A-4746-88D5-4802B674962C}.Release|Any CPU.Build.0 = Release|Any CPU
	EndGlobalSection
	GlobalSection(SolutionProperties) = preSolution
		HideSolutionNode = FALSE
	EndGlobalSection
	GlobalSection(ExtensibilityGlobals) = postSolution
		SolutionGuid = {B7473AC1-DA14-4B0C-A583-BD2C14648827}
	EndGlobalSection
EndGlobal
