
Microsoft Visual Studio Solution File, Format Version 12.00
# Visual Studio Version 17
VisualStudioVersion = 17.10.35027.167
MinimumVisualStudioVersion = 10.0.40219.1
Project("{FAE04EC0-301F-11D3-BF4B-00C04F79EFBC}") = "HackOfGates", "HackOfGates\HackOfGates.csproj", "{F96729C2-8716-4D99-987B-6B29605D1863}"
EndProject
Global
	GlobalSection(SolutionConfigurationPlatforms) = preSolution
		Debug|Any CPU = Debug|Any CPU
		Release|Any CPU = Release|Any CPU
	EndGlobalSection
	GlobalSection(ProjectConfigurationPlatforms) = postSolution
		{F96729C2-8716-4D99-987B-6B29605D1863}.Debug|Any CPU.ActiveCfg = Debug|Any CPU
		{F96729C2-8716-4D99-987B-6B29605D1863}.Debug|Any CPU.Build.0 = Debug|Any CPU
		{F96729C2-8716-4D99-987B-6B29605D1863}.Release|Any CPU.ActiveCfg = Release|Any CPU
		{F96729C2-8716-4D99-987B-6B29605D1863}.Release|Any CPU.Build.0 = Release|Any CPU
	EndGlobalSection
	GlobalSection(SolutionProperties) = preSolution
		HideSolutionNode = FALSE
	EndGlobalSection
	GlobalSection(ExtensibilityGlobals) = postSolution
		SolutionGuid = {5313403D-CA86-48B9-8BCA-CA0B56FF5BB8}
	EndGlobalSection
EndGlobal
