
Microsoft Visual Studio Solution File, Format Version 12.00
# Visual Studio Version 17
VisualStudioVersion = 17.10.35027.167
MinimumVisualStudioVersion = 10.0.40219.1
Project("{FAE04EC0-301F-11D3-BF4B-00C04F79EFBC}") = "scp173", "scp173\scp173.csproj", "{15731E92-5A6D-4150-91E0-2F2A37756489}"
EndProject
Global
	GlobalSection(SolutionConfigurationPlatforms) = preSolution
		Debug|Any CPU = Debug|Any CPU
		Release|Any CPU = Release|Any CPU
	EndGlobalSection
	GlobalSection(ProjectConfigurationPlatforms) = postSolution
		{15731E92-5A6D-4150-91E0-2F2A37756489}.Debug|Any CPU.ActiveCfg = Debug|Any CPU
		{15731E92-5A6D-4150-91E0-2F2A37756489}.Debug|Any CPU.Build.0 = Debug|Any CPU
		{15731E92-5A6D-4150-91E0-2F2A37756489}.Release|Any CPU.ActiveCfg = Release|Any CPU
		{15731E92-5A6D-4150-91E0-2F2A37756489}.Release|Any CPU.Build.0 = Release|Any CPU
	EndGlobalSection
	GlobalSection(SolutionProperties) = preSolution
		HideSolutionNode = FALSE
	EndGlobalSection
	GlobalSection(ExtensibilityGlobals) = postSolution
		SolutionGuid = {52800131-A461-4413-8217-8CDFEB8E6654}
	EndGlobalSection
EndGlobal
