
Microsoft Visual Studio Solution File, Format Version 12.00
# Visual Studio Version 16
VisualStudioVersion = 25.0.1706.14
MinimumVisualStudioVersion = 10.0.40219.1
Project("{FAE04EC0-301F-11D3-BF4B-00C04F79EFBC}") = "scp173Movement", "scp173Movement\scp173Movement.csproj", "{F960FA8B-41E7-45AF-A8D9-878A5AF5723E}"
EndProject
Global
	GlobalSection(SolutionConfigurationPlatforms) = preSolution
		Debug|Any CPU = Debug|Any CPU
		Release|Any CPU = Release|Any CPU
	EndGlobalSection
	GlobalSection(ProjectConfigurationPlatforms) = postSolution
		{F960FA8B-41E7-45AF-A8D9-878A5AF5723E}.Debug|Any CPU.ActiveCfg = Debug|Any CPU
		{F960FA8B-41E7-45AF-A8D9-878A5AF5723E}.Debug|Any CPU.Build.0 = Debug|Any CPU
		{F960FA8B-41E7-45AF-A8D9-878A5AF5723E}.Release|Any CPU.ActiveCfg = Release|Any CPU
		{F960FA8B-41E7-45AF-A8D9-878A5AF5723E}.Release|Any CPU.Build.0 = Release|Any CPU
	EndGlobalSection
	GlobalSection(SolutionProperties) = preSolution
		HideSolutionNode = FALSE
	EndGlobalSection
	GlobalSection(ExtensibilityGlobals) = postSolution
		SolutionGuid = {72188CAE-8820-419D-B5DD-AF3286A7DBEA}
	EndGlobalSection
EndGlobal
